// !$*UTF8*$!
{
	archiveVersion = 1;
	classes = {
	};
	objectVersion = 46;
	objects = {

/* Begin PBXBuildFile section */
		4C09840716E5EA6900D537A7 /* DomesticTypePicker.m in Sources */ = {isa = PBXBuildFile; fileRef = 4C09840616E5EA6900D537A7 /* DomesticTypePicker.m */; };
		4C09840D16E5EF3100D537A7 /* AbroadTypePicker.m in Sources */ = {isa = PBXBuildFile; fileRef = 4C09840C16E5EF3100D537A7 /* AbroadTypePicker.m */; };
		4C09841016E5F07C00D537A7 /* CurrencyPicker.m in Sources */ = {isa = PBXBuildFile; fileRef = 4C09840F16E5F07C00D537A7 /* CurrencyPicker.m */; };
		4C09841316E5F85700D537A7 /* ProjectPicker.m in Sources */ = {isa = PBXBuildFile; fileRef = 4C09841216E5F85700D537A7 /* ProjectPicker.m */; };
		4C09841D16E6275700D537A7 /* MyCustomNavigationController.m in Sources */ = {isa = PBXBuildFile; fileRef = 4C09841C16E6275700D537A7 /* MyCustomNavigationController.m */; };
		4C09841F16E62DF400D537A7 /* clear.png in Resources */ = {isa = PBXBuildFile; fileRef = 4C09841E16E62DF400D537A7 /* clear.png */; };
		4C09842316E6598800D537A7 /* NSData+Base64.m in Sources */ = {isa = PBXBuildFile; fileRef = 4C09842216E6598800D537A7 /* NSData+Base64.m */; };
		4C09842A16E65F1000D537A7 /* Backend.m in Sources */ = {isa = PBXBuildFile; fileRef = 4C09842916E65F1000D537A7 /* Backend.m */; };
		4C09842E16E664B900D537A7 /* EmployeeManager.m in Sources */ = {isa = PBXBuildFile; fileRef = 4C09842D16E664B900D537A7 /* EmployeeManager.m */; };
		4C42D3ED16E76131001CAB48 /* ExpenseManager.m in Sources */ = {isa = PBXBuildFile; fileRef = 4C42D3EC16E76130001CAB48 /* ExpenseManager.m */; };
		4C42D3F316E76F4F001CAB48 /* ExpenseFormManager.m in Sources */ = {isa = PBXBuildFile; fileRef = 4C42D3F216E76F4E001CAB48 /* ExpenseFormManager.m */; };
		4C5AE63716CFAB21005FC6F2 /* libRestKit.a in Frameworks */ = {isa = PBXBuildFile; fileRef = 4C5AE62616CF9A8E005FC6F2 /* libRestKit.a */; };
		4CBB18F716CCD4830070A187 /* UIKit.framework in Frameworks */ = {isa = PBXBuildFile; fileRef = 4CBB18F616CCD4830070A187 /* UIKit.framework */; };
		4CBB18F916CCD4830070A187 /* Foundation.framework in Frameworks */ = {isa = PBXBuildFile; fileRef = 4CBB18F816CCD4830070A187 /* Foundation.framework */; };
		4CBB18FB16CCD4830070A187 /* CoreGraphics.framework in Frameworks */ = {isa = PBXBuildFile; fileRef = 4CBB18FA16CCD4830070A187 /* CoreGraphics.framework */; };
		4CBB18FD16CCD4830070A187 /* CoreData.framework in Frameworks */ = {isa = PBXBuildFile; fileRef = 4CBB18FC16CCD4830070A187 /* CoreData.framework */; };
		4CBB190316CCD4830070A187 /* InfoPlist.strings in Resources */ = {isa = PBXBuildFile; fileRef = 4CBB190116CCD4830070A187 /* InfoPlist.strings */; };
		4CBB190516CCD4830070A187 /* main.m in Sources */ = {isa = PBXBuildFile; fileRef = 4CBB190416CCD4830070A187 /* main.m */; };
		4CBB190916CCD4830070A187 /* AppDelegate.m in Sources */ = {isa = PBXBuildFile; fileRef = 4CBB190816CCD4830070A187 /* AppDelegate.m */; };
		4CBB190B16CCD4830070A187 /* Default.png in Resources */ = {isa = PBXBuildFile; fileRef = 4CBB190A16CCD4830070A187 /* Default.png */; };
		4CBB190D16CCD4830070A187 /* Default@2x.png in Resources */ = {isa = PBXBuildFile; fileRef = 4CBB190C16CCD4830070A187 /* Default@2x.png */; };
		4CBB190F16CCD4830070A187 /* Default-568h@2x.png in Resources */ = {isa = PBXBuildFile; fileRef = 4CBB190E16CCD4830070A187 /* Default-568h@2x.png */; };
		4CBB191216CCD4830070A187 /* ExpenseApp.xcdatamodeld in Sources */ = {isa = PBXBuildFile; fileRef = 4CBB191016CCD4830070A187 /* ExpenseApp.xcdatamodeld */; };
		4CBB191A16CCD4E30070A187 /* MainStoryboard_iPad.storyboard in Resources */ = {isa = PBXBuildFile; fileRef = 4CBB191816CCD4E30070A187 /* MainStoryboard_iPad.storyboard */; };
		4CBB191B16CCD4E30070A187 /* MainStoryboard_iPhone.storyboard in Resources */ = {isa = PBXBuildFile; fileRef = 4CBB191916CCD4E30070A187 /* MainStoryboard_iPhone.storyboard */; };
		4CBB192E16CCE1650070A187 /* HomeController.m in Sources */ = {isa = PBXBuildFile; fileRef = 4CBB192D16CCE1650070A187 /* HomeController.m */; };
		4CBB193116CCE3330070A187 /* ExpenseFormOverviewController.m in Sources */ = {isa = PBXBuildFile; fileRef = 4CBB193016CCE3330070A187 /* ExpenseFormOverviewController.m */; };
		4CBB193416CCE3500070A187 /* LoginController.m in Sources */ = {isa = PBXBuildFile; fileRef = 4CBB193316CCE3500070A187 /* LoginController.m */; };
		4CBB193716CCE3760070A187 /* PDFViewController.m in Sources */ = {isa = PBXBuildFile; fileRef = 4CBB193616CCE3760070A187 /* PDFViewController.m */; };
		4CBB193A16CCE3980070A187 /* InfoController.m in Sources */ = {isa = PBXBuildFile; fileRef = 4CBB193916CCE3970070A187 /* InfoController.m */; };
		4CBB193D16CCE3B20070A187 /* AddOverviewController.m in Sources */ = {isa = PBXBuildFile; fileRef = 4CBB193C16CCE3B20070A187 /* AddOverviewController.m */; };
		4CBB194016CCE3D20070A187 /* DomesticController.m in Sources */ = {isa = PBXBuildFile; fileRef = 4CBB193F16CCE3D20070A187 /* DomesticController.m */; };
		4CBB194316CCE3EB0070A187 /* AbroadController.m in Sources */ = {isa = PBXBuildFile; fileRef = 4CBB194216CCE3EB0070A187 /* AbroadController.m */; };
		4CBB194616CCE41C0070A187 /* SignController.m in Sources */ = {isa = PBXBuildFile; fileRef = 4CBB194516CCE41C0070A187 /* SignController.m */; };
		4CBB198816CCF2D10070A187 /* UIDrawView.m in Sources */ = {isa = PBXBuildFile; fileRef = 4CBB198716CCF2D10070A187 /* UIDrawView.m */; };
		4CBB198B16CCF3B00070A187 /* UIDateTextField.m in Sources */ = {isa = PBXBuildFile; fileRef = 4CBB198A16CCF3AF0070A187 /* UIDateTextField.m */; };
		4CBB198E16CCF3CA0070A187 /* UIProjectCodeTextField.m in Sources */ = {isa = PBXBuildFile; fileRef = 4CBB198D16CCF3CA0070A187 /* UIProjectCodeTextField.m */; };
		4CBB199116CCF3E10070A187 /* UIAbroadTypeTextField.m in Sources */ = {isa = PBXBuildFile; fileRef = 4CBB199016CCF3E10070A187 /* UIAbroadTypeTextField.m */; };
		4CBB199516CCF4010070A187 /* UICurrencyTextField.m in Sources */ = {isa = PBXBuildFile; fileRef = 4CBB199416CCF4010070A187 /* UICurrencyTextField.m */; };
		4CBB199816CCF4220070A187 /* UIDomesticTypeTextField.m in Sources */ = {isa = PBXBuildFile; fileRef = 4CBB199716CCF4220070A187 /* UIDomesticTypeTextField.m */; };
		4CBB199C16CCF4730070A187 /* UIMonthTextField.m in Sources */ = {isa = PBXBuildFile; fileRef = 4CBB199B16CCF4730070A187 /* UIMonthTextField.m */; };
		4CBB199F16CCF4950070A187 /* UIUnitTextField.m in Sources */ = {isa = PBXBuildFile; fileRef = 4CBB199E16CCF4950070A187 /* UIUnitTextField.m */; };
		4CBB19E016CD154D0070A187 /* CFNetwork.framework in Frameworks */ = {isa = PBXBuildFile; fileRef = 4CBB19DF16CD154D0070A187 /* CFNetwork.framework */; };
		4CBB19E216CD15690070A187 /* MobileCoreServices.framework in Frameworks */ = {isa = PBXBuildFile; fileRef = 4CBB19E116CD15690070A187 /* MobileCoreServices.framework */; };
		4CBB19E516CD157A0070A187 /* Security.framework in Frameworks */ = {isa = PBXBuildFile; fileRef = 4CBB19E316CD15790070A187 /* Security.framework */; };
		4CBB19E616CD157A0070A187 /* SystemConfiguration.framework in Frameworks */ = {isa = PBXBuildFile; fileRef = 4CBB19E416CD15790070A187 /* SystemConfiguration.framework */; };
		4CBB1A0416CD33070070A187 /* ExpenseForm.m in Sources */ = {isa = PBXBuildFile; fileRef = 4CBB1A0316CD33060070A187 /* ExpenseForm.m */; };
		4CBB1A0716CD33070070A187 /* SavedExpenseForm.m in Sources */ = {isa = PBXBuildFile; fileRef = 4CBB1A0616CD33070070A187 /* SavedExpenseForm.m */; };
		4CBB1A0A16CD33070070A187 /* Employee.m in Sources */ = {isa = PBXBuildFile; fileRef = 4CBB1A0916CD33070070A187 /* Employee.m */; };
		4CBB1A0D16CD33070070A187 /* Expense.m in Sources */ = {isa = PBXBuildFile; fileRef = 4CBB1A0C16CD33070070A187 /* Expense.m */; };
		4CDA33CC16E4BE2E00D42877 /* MonthPicker.m in Sources */ = {isa = PBXBuildFile; fileRef = 4CDA33CB16E4BE2E00D42877 /* MonthPicker.m */; };
		4CDA33CF16E515E800D42877 /* UnitPicker.m in Sources */ = {isa = PBXBuildFile; fileRef = 4CDA33CE16E515E800D42877 /* UnitPicker.m */; };
/* End PBXBuildFile section */

/* Begin PBXContainerItemProxy section */
		4C5AE62516CF9A8E005FC6F2 /* PBXContainerItemProxy */ = {
			isa = PBXContainerItemProxy;
			containerPortal = 4C5AE61B16CF9A8D005FC6F2 /* RestKit.xcodeproj */;
			proxyType = 2;
			remoteGlobalIDString = 25160D1614564E810060A5C5;
			remoteInfo = RestKit;
		};
		4C5AE62716CF9A8E005FC6F2 /* PBXContainerItemProxy */ = {
			isa = PBXContainerItemProxy;
			containerPortal = 4C5AE61B16CF9A8D005FC6F2 /* RestKit.xcodeproj */;
			proxyType = 2;
			remoteGlobalIDString = 25160D2614564E820060A5C5;
			remoteInfo = RestKitTests;
		};
		4C5AE62916CF9A8E005FC6F2 /* PBXContainerItemProxy */ = {
			isa = PBXContainerItemProxy;
			containerPortal = 4C5AE61B16CF9A8D005FC6F2 /* RestKit.xcodeproj */;
			proxyType = 2;
			remoteGlobalIDString = 25160E62145651060060A5C5;
			remoteInfo = RestKitFramework;
		};
		4C5AE62B16CF9A8E005FC6F2 /* PBXContainerItemProxy */ = {
			isa = PBXContainerItemProxy;
			containerPortal = 4C5AE61B16CF9A8D005FC6F2 /* RestKit.xcodeproj */;
			proxyType = 2;
			remoteGlobalIDString = 25160E78145651060060A5C5;
			remoteInfo = RestKitFrameworkTests;
		};
		4C5AE63516CFAB1B005FC6F2 /* PBXContainerItemProxy */ = {
			isa = PBXContainerItemProxy;
			containerPortal = 4C5AE61B16CF9A8D005FC6F2 /* RestKit.xcodeproj */;
			proxyType = 1;
			remoteGlobalIDString = 25160D1514564E810060A5C5;
			remoteInfo = RestKit;
		};
/* End PBXContainerItemProxy section */

/* Begin PBXFileReference section */
		4C09840516E5EA6900D537A7 /* DomesticTypePicker.h */ = {isa = PBXFileReference; fileEncoding = 4; lastKnownFileType = sourcecode.c.h; name = DomesticTypePicker.h; path = ExpenseApp/Controls/Pickers/DomesticTypePicker.h; sourceTree = "<group>"; };
		4C09840616E5EA6900D537A7 /* DomesticTypePicker.m */ = {isa = PBXFileReference; fileEncoding = 4; lastKnownFileType = sourcecode.c.objc; name = DomesticTypePicker.m; path = ExpenseApp/Controls/Pickers/DomesticTypePicker.m; sourceTree = "<group>"; };
		4C09840B16E5EF3000D537A7 /* AbroadTypePicker.h */ = {isa = PBXFileReference; fileEncoding = 4; lastKnownFileType = sourcecode.c.h; name = AbroadTypePicker.h; path = ExpenseApp/Controls/Pickers/AbroadTypePicker.h; sourceTree = "<group>"; };
		4C09840C16E5EF3100D537A7 /* AbroadTypePicker.m */ = {isa = PBXFileReference; fileEncoding = 4; lastKnownFileType = sourcecode.c.objc; name = AbroadTypePicker.m; path = ExpenseApp/Controls/Pickers/AbroadTypePicker.m; sourceTree = "<group>"; };
		4C09840E16E5F07C00D537A7 /* CurrencyPicker.h */ = {isa = PBXFileReference; fileEncoding = 4; lastKnownFileType = sourcecode.c.h; name = CurrencyPicker.h; path = ExpenseApp/Controls/Pickers/CurrencyPicker.h; sourceTree = "<group>"; };
		4C09840F16E5F07C00D537A7 /* CurrencyPicker.m */ = {isa = PBXFileReference; fileEncoding = 4; lastKnownFileType = sourcecode.c.objc; name = CurrencyPicker.m; path = ExpenseApp/Controls/Pickers/CurrencyPicker.m; sourceTree = "<group>"; };
		4C09841116E5F85700D537A7 /* ProjectPicker.h */ = {isa = PBXFileReference; fileEncoding = 4; lastKnownFileType = sourcecode.c.h; name = ProjectPicker.h; path = ExpenseApp/Controls/Pickers/ProjectPicker.h; sourceTree = "<group>"; };
		4C09841216E5F85700D537A7 /* ProjectPicker.m */ = {isa = PBXFileReference; fileEncoding = 4; lastKnownFileType = sourcecode.c.objc; name = ProjectPicker.m; path = ExpenseApp/Controls/Pickers/ProjectPicker.m; sourceTree = "<group>"; };
		4C09841B16E6275700D537A7 /* MyCustomNavigationController.h */ = {isa = PBXFileReference; fileEncoding = 4; lastKnownFileType = sourcecode.c.h; name = MyCustomNavigationController.h; path = ExpenseApp/Controllers/MyCustomNavigationController.h; sourceTree = "<group>"; };
		4C09841C16E6275700D537A7 /* MyCustomNavigationController.m */ = {isa = PBXFileReference; fileEncoding = 4; lastKnownFileType = sourcecode.c.objc; name = MyCustomNavigationController.m; path = ExpenseApp/Controllers/MyCustomNavigationController.m; sourceTree = "<group>"; };
		4C09841E16E62DF400D537A7 /* clear.png */ = {isa = PBXFileReference; lastKnownFileType = image.png; path = clear.png; sourceTree = "<group>"; };
		4C09842116E6598800D537A7 /* NSData+Base64.h */ = {isa = PBXFileReference; fileEncoding = 4; lastKnownFileType = sourcecode.c.h; name = "NSData+Base64.h"; path = "ExpenseApp/Utils/NSData+Base64.h"; sourceTree = SOURCE_ROOT; };
		4C09842216E6598800D537A7 /* NSData+Base64.m */ = {isa = PBXFileReference; fileEncoding = 4; lastKnownFileType = sourcecode.c.objc; name = "NSData+Base64.m"; path = "ExpenseApp/Utils/NSData+Base64.m"; sourceTree = SOURCE_ROOT; };
		4C09842816E65F1000D537A7 /* Backend.h */ = {isa = PBXFileReference; fileEncoding = 4; lastKnownFileType = sourcecode.c.h; name = Backend.h; path = Core/BL/Backend.h; sourceTree = "<group>"; };
		4C09842916E65F1000D537A7 /* Backend.m */ = {isa = PBXFileReference; fileEncoding = 4; lastKnownFileType = sourcecode.c.objc; name = Backend.m; path = Core/BL/Backend.m; sourceTree = "<group>"; };
		4C09842C16E664B900D537A7 /* EmployeeManager.h */ = {isa = PBXFileReference; fileEncoding = 4; lastKnownFileType = sourcecode.c.h; name = EmployeeManager.h; path = Core/BL/Managers/EmployeeManager.h; sourceTree = "<group>"; };
		4C09842D16E664B900D537A7 /* EmployeeManager.m */ = {isa = PBXFileReference; fileEncoding = 4; lastKnownFileType = sourcecode.c.objc; name = EmployeeManager.m; path = Core/BL/Managers/EmployeeManager.m; sourceTree = "<group>"; };
		4C42D3EB16E76130001CAB48 /* ExpenseManager.h */ = {isa = PBXFileReference; fileEncoding = 4; lastKnownFileType = sourcecode.c.h; name = ExpenseManager.h; path = Core/BL/Managers/ExpenseManager.h; sourceTree = "<group>"; };
		4C42D3EC16E76130001CAB48 /* ExpenseManager.m */ = {isa = PBXFileReference; fileEncoding = 4; lastKnownFileType = sourcecode.c.objc; name = ExpenseManager.m; path = Core/BL/Managers/ExpenseManager.m; sourceTree = "<group>"; };
		4C42D3F116E76F4E001CAB48 /* ExpenseFormManager.h */ = {isa = PBXFileReference; fileEncoding = 4; lastKnownFileType = sourcecode.c.h; name = ExpenseFormManager.h; path = Core/BL/Managers/ExpenseFormManager.h; sourceTree = "<group>"; };
		4C42D3F216E76F4E001CAB48 /* ExpenseFormManager.m */ = {isa = PBXFileReference; fileEncoding = 4; lastKnownFileType = sourcecode.c.objc; name = ExpenseFormManager.m; path = Core/BL/Managers/ExpenseFormManager.m; sourceTree = "<group>"; };
		4C5AE61B16CF9A8D005FC6F2 /* RestKit.xcodeproj */ = {isa = PBXFileReference; lastKnownFileType = "wrapper.pb-project"; name = RestKit.xcodeproj; path = ../../../ios/libraries/RestKit/RestKit.xcodeproj; sourceTree = "<group>"; };
		4CBB18F216CCD4830070A187 /* ExpenseApp.app */ = {isa = PBXFileReference; explicitFileType = wrapper.application; includeInIndex = 0; path = ExpenseApp.app; sourceTree = BUILT_PRODUCTS_DIR; };
		4CBB18F616CCD4830070A187 /* UIKit.framework */ = {isa = PBXFileReference; lastKnownFileType = wrapper.framework; name = UIKit.framework; path = System/Library/Frameworks/UIKit.framework; sourceTree = SDKROOT; };
		4CBB18F816CCD4830070A187 /* Foundation.framework */ = {isa = PBXFileReference; lastKnownFileType = wrapper.framework; name = Foundation.framework; path = System/Library/Frameworks/Foundation.framework; sourceTree = SDKROOT; };
		4CBB18FA16CCD4830070A187 /* CoreGraphics.framework */ = {isa = PBXFileReference; lastKnownFileType = wrapper.framework; name = CoreGraphics.framework; path = System/Library/Frameworks/CoreGraphics.framework; sourceTree = SDKROOT; };
		4CBB18FC16CCD4830070A187 /* CoreData.framework */ = {isa = PBXFileReference; lastKnownFileType = wrapper.framework; name = CoreData.framework; path = System/Library/Frameworks/CoreData.framework; sourceTree = SDKROOT; };
		4CBB190016CCD4830070A187 /* ExpenseApp-Info.plist */ = {isa = PBXFileReference; lastKnownFileType = text.plist.xml; path = "ExpenseApp-Info.plist"; sourceTree = "<group>"; };
		4CBB190216CCD4830070A187 /* en */ = {isa = PBXFileReference; lastKnownFileType = text.plist.strings; name = en; path = en.lproj/InfoPlist.strings; sourceTree = "<group>"; };
		4CBB190416CCD4830070A187 /* main.m */ = {isa = PBXFileReference; lastKnownFileType = sourcecode.c.objc; path = main.m; sourceTree = "<group>"; };
		4CBB190616CCD4830070A187 /* ExpenseApp-Prefix.pch */ = {isa = PBXFileReference; lastKnownFileType = sourcecode.c.h; path = "ExpenseApp-Prefix.pch"; sourceTree = "<group>"; };
		4CBB190716CCD4830070A187 /* AppDelegate.h */ = {isa = PBXFileReference; lastKnownFileType = sourcecode.c.h; path = AppDelegate.h; sourceTree = "<group>"; };
		4CBB190816CCD4830070A187 /* AppDelegate.m */ = {isa = PBXFileReference; lastKnownFileType = sourcecode.c.objc; path = AppDelegate.m; sourceTree = "<group>"; };
		4CBB190A16CCD4830070A187 /* Default.png */ = {isa = PBXFileReference; lastKnownFileType = image.png; path = Default.png; sourceTree = "<group>"; };
		4CBB190C16CCD4830070A187 /* Default@2x.png */ = {isa = PBXFileReference; lastKnownFileType = image.png; path = "Default@2x.png"; sourceTree = "<group>"; };
		4CBB190E16CCD4830070A187 /* Default-568h@2x.png */ = {isa = PBXFileReference; lastKnownFileType = image.png; path = "Default-568h@2x.png"; sourceTree = "<group>"; };
		4CBB191116CCD4830070A187 /* ExpenseApp.xcdatamodel */ = {isa = PBXFileReference; lastKnownFileType = wrapper.xcdatamodel; path = ExpenseApp.xcdatamodel; sourceTree = "<group>"; };
		4CBB191816CCD4E30070A187 /* MainStoryboard_iPad.storyboard */ = {isa = PBXFileReference; fileEncoding = 4; lastKnownFileType = file.storyboard; path = MainStoryboard_iPad.storyboard; sourceTree = "<group>"; };
		4CBB191916CCD4E30070A187 /* MainStoryboard_iPhone.storyboard */ = {isa = PBXFileReference; fileEncoding = 4; lastKnownFileType = file.storyboard; path = MainStoryboard_iPhone.storyboard; sourceTree = "<group>"; };
		4CBB192C16CCE1650070A187 /* HomeController.h */ = {isa = PBXFileReference; fileEncoding = 4; lastKnownFileType = sourcecode.c.h; name = HomeController.h; path = ExpenseApp/Controllers/HomeController.h; sourceTree = "<group>"; };
		4CBB192D16CCE1650070A187 /* HomeController.m */ = {isa = PBXFileReference; fileEncoding = 4; lastKnownFileType = sourcecode.c.objc; name = HomeController.m; path = ExpenseApp/Controllers/HomeController.m; sourceTree = "<group>"; };
		4CBB192F16CCE3330070A187 /* ExpenseFormOverviewController.h */ = {isa = PBXFileReference; fileEncoding = 4; lastKnownFileType = sourcecode.c.h; name = ExpenseFormOverviewController.h; path = ExpenseApp/Controllers/ExpenseFormOverviewController.h; sourceTree = "<group>"; };
		4CBB193016CCE3330070A187 /* ExpenseFormOverviewController.m */ = {isa = PBXFileReference; fileEncoding = 4; lastKnownFileType = sourcecode.c.objc; name = ExpenseFormOverviewController.m; path = ExpenseApp/Controllers/ExpenseFormOverviewController.m; sourceTree = "<group>"; };
		4CBB193216CCE3500070A187 /* LoginController.h */ = {isa = PBXFileReference; fileEncoding = 4; lastKnownFileType = sourcecode.c.h; name = LoginController.h; path = ExpenseApp/Controllers/LoginController.h; sourceTree = "<group>"; };
		4CBB193316CCE3500070A187 /* LoginController.m */ = {isa = PBXFileReference; fileEncoding = 4; lastKnownFileType = sourcecode.c.objc; name = LoginController.m; path = ExpenseApp/Controllers/LoginController.m; sourceTree = "<group>"; };
		4CBB193516CCE3760070A187 /* PDFViewController.h */ = {isa = PBXFileReference; fileEncoding = 4; lastKnownFileType = sourcecode.c.h; name = PDFViewController.h; path = ExpenseApp/Controllers/PDFViewController.h; sourceTree = "<group>"; };
		4CBB193616CCE3760070A187 /* PDFViewController.m */ = {isa = PBXFileReference; fileEncoding = 4; lastKnownFileType = sourcecode.c.objc; name = PDFViewController.m; path = ExpenseApp/Controllers/PDFViewController.m; sourceTree = "<group>"; };
		4CBB193816CCE3970070A187 /* InfoController.h */ = {isa = PBXFileReference; fileEncoding = 4; lastKnownFileType = sourcecode.c.h; name = InfoController.h; path = ExpenseApp/Controllers/InfoController.h; sourceTree = "<group>"; };
		4CBB193916CCE3970070A187 /* InfoController.m */ = {isa = PBXFileReference; fileEncoding = 4; lastKnownFileType = sourcecode.c.objc; name = InfoController.m; path = ExpenseApp/Controllers/InfoController.m; sourceTree = "<group>"; };
		4CBB193B16CCE3B20070A187 /* AddOverviewController.h */ = {isa = PBXFileReference; fileEncoding = 4; lastKnownFileType = sourcecode.c.h; name = AddOverviewController.h; path = ExpenseApp/Controllers/AddOverviewController.h; sourceTree = "<group>"; };
		4CBB193C16CCE3B20070A187 /* AddOverviewController.m */ = {isa = PBXFileReference; fileEncoding = 4; lastKnownFileType = sourcecode.c.objc; name = AddOverviewController.m; path = ExpenseApp/Controllers/AddOverviewController.m; sourceTree = "<group>"; };
		4CBB193E16CCE3D20070A187 /* DomesticController.h */ = {isa = PBXFileReference; fileEncoding = 4; lastKnownFileType = sourcecode.c.h; name = DomesticController.h; path = ExpenseApp/Controllers/DomesticController.h; sourceTree = "<group>"; };
		4CBB193F16CCE3D20070A187 /* DomesticController.m */ = {isa = PBXFileReference; fileEncoding = 4; lastKnownFileType = sourcecode.c.objc; name = DomesticController.m; path = ExpenseApp/Controllers/DomesticController.m; sourceTree = "<group>"; };
		4CBB194116CCE3EB0070A187 /* AbroadController.h */ = {isa = PBXFileReference; fileEncoding = 4; lastKnownFileType = sourcecode.c.h; name = AbroadController.h; path = ExpenseApp/Controllers/AbroadController.h; sourceTree = "<group>"; };
		4CBB194216CCE3EB0070A187 /* AbroadController.m */ = {isa = PBXFileReference; fileEncoding = 4; lastKnownFileType = sourcecode.c.objc; name = AbroadController.m; path = ExpenseApp/Controllers/AbroadController.m; sourceTree = "<group>"; };
		4CBB194416CCE41C0070A187 /* SignController.h */ = {isa = PBXFileReference; fileEncoding = 4; lastKnownFileType = sourcecode.c.h; name = SignController.h; path = ExpenseApp/Controllers/SignController.h; sourceTree = "<group>"; };
		4CBB194516CCE41C0070A187 /* SignController.m */ = {isa = PBXFileReference; fileEncoding = 4; lastKnownFileType = sourcecode.c.objc; name = SignController.m; path = ExpenseApp/Controllers/SignController.m; sourceTree = "<group>"; };
		4CBB198616CCF2D10070A187 /* UIDrawView.h */ = {isa = PBXFileReference; fileEncoding = 4; lastKnownFileType = sourcecode.c.h; name = UIDrawView.h; path = ExpenseApp/Controls/UIDrawView.h; sourceTree = "<group>"; };
		4CBB198716CCF2D10070A187 /* UIDrawView.m */ = {isa = PBXFileReference; fileEncoding = 4; lastKnownFileType = sourcecode.c.objc; name = UIDrawView.m; path = ExpenseApp/Controls/UIDrawView.m; sourceTree = "<group>"; };
		4CBB198916CCF3AF0070A187 /* UIDateTextField.h */ = {isa = PBXFileReference; fileEncoding = 4; lastKnownFileType = sourcecode.c.h; name = UIDateTextField.h; path = ExpenseApp/Controls/TextFields/UIDateTextField.h; sourceTree = "<group>"; };
		4CBB198A16CCF3AF0070A187 /* UIDateTextField.m */ = {isa = PBXFileReference; fileEncoding = 4; lastKnownFileType = sourcecode.c.objc; name = UIDateTextField.m; path = ExpenseApp/Controls/TextFields/UIDateTextField.m; sourceTree = "<group>"; };
		4CBB198C16CCF3CA0070A187 /* UIProjectCodeTextField.h */ = {isa = PBXFileReference; fileEncoding = 4; lastKnownFileType = sourcecode.c.h; name = UIProjectCodeTextField.h; path = ExpenseApp/Controls/TextFields/UIProjectCodeTextField.h; sourceTree = "<group>"; };
		4CBB198D16CCF3CA0070A187 /* UIProjectCodeTextField.m */ = {isa = PBXFileReference; fileEncoding = 4; lastKnownFileType = sourcecode.c.objc; name = UIProjectCodeTextField.m; path = ExpenseApp/Controls/TextFields/UIProjectCodeTextField.m; sourceTree = "<group>"; };
		4CBB198F16CCF3E10070A187 /* UIAbroadTypeTextField.h */ = {isa = PBXFileReference; fileEncoding = 4; lastKnownFileType = sourcecode.c.h; name = UIAbroadTypeTextField.h; path = ExpenseApp/Controls/TextFields/UIAbroadTypeTextField.h; sourceTree = "<group>"; };
		4CBB199016CCF3E10070A187 /* UIAbroadTypeTextField.m */ = {isa = PBXFileReference; fileEncoding = 4; lastKnownFileType = sourcecode.c.objc; name = UIAbroadTypeTextField.m; path = ExpenseApp/Controls/TextFields/UIAbroadTypeTextField.m; sourceTree = "<group>"; };
		4CBB199316CCF4010070A187 /* UICurrencyTextField.h */ = {isa = PBXFileReference; fileEncoding = 4; lastKnownFileType = sourcecode.c.h; name = UICurrencyTextField.h; path = ExpenseApp/Controls/TextFields/UICurrencyTextField.h; sourceTree = "<group>"; };
		4CBB199416CCF4010070A187 /* UICurrencyTextField.m */ = {isa = PBXFileReference; fileEncoding = 4; lastKnownFileType = sourcecode.c.objc; name = UICurrencyTextField.m; path = ExpenseApp/Controls/TextFields/UICurrencyTextField.m; sourceTree = "<group>"; };
		4CBB199616CCF4220070A187 /* UIDomesticTypeTextField.h */ = {isa = PBXFileReference; fileEncoding = 4; lastKnownFileType = sourcecode.c.h; name = UIDomesticTypeTextField.h; path = ExpenseApp/Controls/TextFields/UIDomesticTypeTextField.h; sourceTree = "<group>"; };
		4CBB199716CCF4220070A187 /* UIDomesticTypeTextField.m */ = {isa = PBXFileReference; fileEncoding = 4; lastKnownFileType = sourcecode.c.objc; name = UIDomesticTypeTextField.m; path = ExpenseApp/Controls/TextFields/UIDomesticTypeTextField.m; sourceTree = "<group>"; };
		4CBB199A16CCF4730070A187 /* UIMonthTextField.h */ = {isa = PBXFileReference; fileEncoding = 4; lastKnownFileType = sourcecode.c.h; name = UIMonthTextField.h; path = ExpenseApp/Controls/TextFields/UIMonthTextField.h; sourceTree = "<group>"; };
		4CBB199B16CCF4730070A187 /* UIMonthTextField.m */ = {isa = PBXFileReference; fileEncoding = 4; lastKnownFileType = sourcecode.c.objc; name = UIMonthTextField.m; path = ExpenseApp/Controls/TextFields/UIMonthTextField.m; sourceTree = "<group>"; };
		4CBB199D16CCF4950070A187 /* UIUnitTextField.h */ = {isa = PBXFileReference; fileEncoding = 4; lastKnownFileType = sourcecode.c.h; name = UIUnitTextField.h; path = ExpenseApp/Controls/TextFields/UIUnitTextField.h; sourceTree = "<group>"; };
		4CBB199E16CCF4950070A187 /* UIUnitTextField.m */ = {isa = PBXFileReference; fileEncoding = 4; lastKnownFileType = sourcecode.c.objc; name = UIUnitTextField.m; path = ExpenseApp/Controls/TextFields/UIUnitTextField.m; sourceTree = "<group>"; };
		4CBB19DF16CD154D0070A187 /* CFNetwork.framework */ = {isa = PBXFileReference; lastKnownFileType = wrapper.framework; name = CFNetwork.framework; path = System/Library/Frameworks/CFNetwork.framework; sourceTree = SDKROOT; };
		4CBB19E116CD15690070A187 /* MobileCoreServices.framework */ = {isa = PBXFileReference; lastKnownFileType = wrapper.framework; name = MobileCoreServices.framework; path = System/Library/Frameworks/MobileCoreServices.framework; sourceTree = SDKROOT; };
		4CBB19E316CD15790070A187 /* Security.framework */ = {isa = PBXFileReference; lastKnownFileType = wrapper.framework; name = Security.framework; path = System/Library/Frameworks/Security.framework; sourceTree = SDKROOT; };
		4CBB19E416CD15790070A187 /* SystemConfiguration.framework */ = {isa = PBXFileReference; lastKnownFileType = wrapper.framework; name = SystemConfiguration.framework; path = System/Library/Frameworks/SystemConfiguration.framework; sourceTree = SDKROOT; };
		4CBB1A0216CD33060070A187 /* ExpenseForm.h */ = {isa = PBXFileReference; fileEncoding = 4; lastKnownFileType = sourcecode.c.h; name = ExpenseForm.h; path = Core/DAL/ExpenseForm.h; sourceTree = "<group>"; };
		4CBB1A0316CD33060070A187 /* ExpenseForm.m */ = {isa = PBXFileReference; fileEncoding = 4; lastKnownFileType = sourcecode.c.objc; name = ExpenseForm.m; path = Core/DAL/ExpenseForm.m; sourceTree = "<group>"; };
		4CBB1A0516CD33070070A187 /* SavedExpenseForm.h */ = {isa = PBXFileReference; fileEncoding = 4; lastKnownFileType = sourcecode.c.h; name = SavedExpenseForm.h; path = Core/DAL/SavedExpenseForm.h; sourceTree = "<group>"; };
		4CBB1A0616CD33070070A187 /* SavedExpenseForm.m */ = {isa = PBXFileReference; fileEncoding = 4; lastKnownFileType = sourcecode.c.objc; name = SavedExpenseForm.m; path = Core/DAL/SavedExpenseForm.m; sourceTree = "<group>"; };
		4CBB1A0816CD33070070A187 /* Employee.h */ = {isa = PBXFileReference; fileEncoding = 4; lastKnownFileType = sourcecode.c.h; name = Employee.h; path = Core/DAL/Employee.h; sourceTree = "<group>"; };
		4CBB1A0916CD33070070A187 /* Employee.m */ = {isa = PBXFileReference; fileEncoding = 4; lastKnownFileType = sourcecode.c.objc; name = Employee.m; path = Core/DAL/Employee.m; sourceTree = "<group>"; };
		4CBB1A0B16CD33070070A187 /* Expense.h */ = {isa = PBXFileReference; fileEncoding = 4; lastKnownFileType = sourcecode.c.h; name = Expense.h; path = Core/DAL/Expense.h; sourceTree = "<group>"; };
		4CBB1A0C16CD33070070A187 /* Expense.m */ = {isa = PBXFileReference; fileEncoding = 4; lastKnownFileType = sourcecode.c.objc; name = Expense.m; path = Core/DAL/Expense.m; sourceTree = "<group>"; };
		4CDA33CA16E4BE2E00D42877 /* MonthPicker.h */ = {isa = PBXFileReference; fileEncoding = 4; lastKnownFileType = sourcecode.c.h; name = MonthPicker.h; path = ExpenseApp/Controls/Pickers/MonthPicker.h; sourceTree = "<group>"; };
		4CDA33CB16E4BE2E00D42877 /* MonthPicker.m */ = {isa = PBXFileReference; fileEncoding = 4; lastKnownFileType = sourcecode.c.objc; name = MonthPicker.m; path = ExpenseApp/Controls/Pickers/MonthPicker.m; sourceTree = "<group>"; };
		4CDA33CD16E515E800D42877 /* UnitPicker.h */ = {isa = PBXFileReference; fileEncoding = 4; lastKnownFileType = sourcecode.c.h; name = UnitPicker.h; path = ExpenseApp/Controls/Pickers/UnitPicker.h; sourceTree = "<group>"; };
		4CDA33CE16E515E800D42877 /* UnitPicker.m */ = {isa = PBXFileReference; fileEncoding = 4; lastKnownFileType = sourcecode.c.objc; name = UnitPicker.m; path = ExpenseApp/Controls/Pickers/UnitPicker.m; sourceTree = "<group>"; };
/* End PBXFileReference section */

/* Begin PBXFrameworksBuildPhase section */
		4CBB18EF16CCD4830070A187 /* Frameworks */ = {
			isa = PBXFrameworksBuildPhase;
			buildActionMask = 2147483647;
			files = (
				4C5AE63716CFAB21005FC6F2 /* libRestKit.a in Frameworks */,
				4CBB19E516CD157A0070A187 /* Security.framework in Frameworks */,
				4CBB19E616CD157A0070A187 /* SystemConfiguration.framework in Frameworks */,
				4CBB19E216CD15690070A187 /* MobileCoreServices.framework in Frameworks */,
				4CBB18FD16CCD4830070A187 /* CoreData.framework in Frameworks */,
				4CBB19E016CD154D0070A187 /* CFNetwork.framework in Frameworks */,
				4CBB18F716CCD4830070A187 /* UIKit.framework in Frameworks */,
				4CBB18F916CCD4830070A187 /* Foundation.framework in Frameworks */,
				4CBB18FB16CCD4830070A187 /* CoreGraphics.framework in Frameworks */,
			);
			runOnlyForDeploymentPostprocessing = 0;
		};
/* End PBXFrameworksBuildPhase section */

/* Begin PBXGroup section */
		4C09842416E65E6D00D537A7 /* Core */ = {
			isa = PBXGroup;
			children = (
				4C09842716E65EE500D537A7 /* BL */,
				4CBB192816CCDC810070A187 /* DAL */,
				4CBB19A016CD051E0070A187 /* SAL */,
			);
			name = Core;
			sourceTree = "<group>";
		};
		4C09842616E65EB400D537A7 /* UITextFields */ = {
			isa = PBXGroup;
			children = (
				4CBB199616CCF4220070A187 /* UIDomesticTypeTextField.h */,
				4CBB199716CCF4220070A187 /* UIDomesticTypeTextField.m */,
				4CBB199316CCF4010070A187 /* UICurrencyTextField.h */,
				4CBB199416CCF4010070A187 /* UICurrencyTextField.m */,
				4CBB198F16CCF3E10070A187 /* UIAbroadTypeTextField.h */,
				4CBB199016CCF3E10070A187 /* UIAbroadTypeTextField.m */,
				4CBB198C16CCF3CA0070A187 /* UIProjectCodeTextField.h */,
				4CBB198D16CCF3CA0070A187 /* UIProjectCodeTextField.m */,
				4CBB198916CCF3AF0070A187 /* UIDateTextField.h */,
				4CBB198A16CCF3AF0070A187 /* UIDateTextField.m */,
				4CBB199A16CCF4730070A187 /* UIMonthTextField.h */,
				4CBB199B16CCF4730070A187 /* UIMonthTextField.m */,
				4CBB199D16CCF4950070A187 /* UIUnitTextField.h */,
				4CBB199E16CCF4950070A187 /* UIUnitTextField.m */,
			);
			name = UITextFields;
			sourceTree = "<group>";
		};
		4C09842716E65EE500D537A7 /* BL */ = {
			isa = PBXGroup;
			children = (
				4C09842B16E6648E00D537A7 /* Managers */,
				4C09842816E65F1000D537A7 /* Backend.h */,
				4C09842916E65F1000D537A7 /* Backend.m */,
			);
			name = BL;
			sourceTree = "<group>";
		};
		4C09842B16E6648E00D537A7 /* Managers */ = {
			isa = PBXGroup;
			children = (
				4C09842C16E664B900D537A7 /* EmployeeManager.h */,
				4C09842D16E664B900D537A7 /* EmployeeManager.m */,
				4C42D3EB16E76130001CAB48 /* ExpenseManager.h */,
				4C42D3EC16E76130001CAB48 /* ExpenseManager.m */,
				4C42D3F116E76F4E001CAB48 /* ExpenseFormManager.h */,
				4C42D3F216E76F4E001CAB48 /* ExpenseFormManager.m */,
			);
			name = Managers;
			sourceTree = "<group>";
		};
		4C5AE61C16CF9A8D005FC6F2 /* Products */ = {
			isa = PBXGroup;
			children = (
				4C5AE62616CF9A8E005FC6F2 /* libRestKit.a */,
				4C5AE62816CF9A8E005FC6F2 /* RestKitTests.octest */,
				4C5AE62A16CF9A8E005FC6F2 /* RestKit.framework */,
				4C5AE62C16CF9A8E005FC6F2 /* RestKitFrameworkTests.octest */,
			);
			name = Products;
			sourceTree = "<group>";
		};
		4C5AE62E16CF9F84005FC6F2 /* Utils */ = {
			isa = PBXGroup;
			children = (
				4C09842116E6598800D537A7 /* NSData+Base64.h */,
				4C09842216E6598800D537A7 /* NSData+Base64.m */,
			);
			name = Utils;
			sourceTree = "<group>";
		};
		4CBB18E716CCD4830070A187 = {
			isa = PBXGroup;
			children = (
				4C5AE61B16CF9A8D005FC6F2 /* RestKit.xcodeproj */,
				4CBB19E316CD15790070A187 /* Security.framework */,
				4CBB19E416CD15790070A187 /* SystemConfiguration.framework */,
				4CBB19E116CD15690070A187 /* MobileCoreServices.framework */,
				4CBB19DF16CD154D0070A187 /* CFNetwork.framework */,
				4CBB191816CCD4E30070A187 /* MainStoryboard_iPad.storyboard */,
				4CBB191916CCD4E30070A187 /* MainStoryboard_iPhone.storyboard */,
				4CBB18FE16CCD4830070A187 /* ExpenseApp */,
				4CBB18F516CCD4830070A187 /* Frameworks */,
				4CBB18F316CCD4830070A187 /* Products */,
			);
			sourceTree = "<group>";
		};
		4CBB18F316CCD4830070A187 /* Products */ = {
			isa = PBXGroup;
			children = (
				4CBB18F216CCD4830070A187 /* ExpenseApp.app */,
			);
			name = Products;
			sourceTree = "<group>";
		};
		4CBB18F516CCD4830070A187 /* Frameworks */ = {
			isa = PBXGroup;
			children = (
				4CBB18F616CCD4830070A187 /* UIKit.framework */,
				4CBB18F816CCD4830070A187 /* Foundation.framework */,
				4CBB18FA16CCD4830070A187 /* CoreGraphics.framework */,
				4CBB18FC16CCD4830070A187 /* CoreData.framework */,
			);
			name = Frameworks;
			sourceTree = "<group>";
		};
		4CBB18FE16CCD4830070A187 /* ExpenseApp */ = {
			isa = PBXGroup;
			children = (
				4C09842416E65E6D00D537A7 /* Core */,
				4C5AE62E16CF9F84005FC6F2 /* Utils */,
				4CBB199916CCF42B0070A187 /* Controls */,
				4CBB194816CCE4370070A187 /* Controllers */,
				4CBB190716CCD4830070A187 /* AppDelegate.h */,
				4CBB190816CCD4830070A187 /* AppDelegate.m */,
				4CBB18FF16CCD4830070A187 /* Supporting Files */,
			);
			path = ExpenseApp;
			sourceTree = "<group>";
		};
		4CBB18FF16CCD4830070A187 /* Supporting Files */ = {
			isa = PBXGroup;
			children = (
				4CBB190016CCD4830070A187 /* ExpenseApp-Info.plist */,
				4CBB190116CCD4830070A187 /* InfoPlist.strings */,
				4CBB190416CCD4830070A187 /* main.m */,
				4CBB190616CCD4830070A187 /* ExpenseApp-Prefix.pch */,
				4C09841E16E62DF400D537A7 /* clear.png */,
				4CBB190A16CCD4830070A187 /* Default.png */,
				4CBB190C16CCD4830070A187 /* Default@2x.png */,
				4CBB190E16CCD4830070A187 /* Default-568h@2x.png */,
			);
			name = "Supporting Files";
			sourceTree = "<group>";
		};
		4CBB192816CCDC810070A187 /* DAL */ = {
			isa = PBXGroup;
			children = (
				4CBB191016CCD4830070A187 /* ExpenseApp.xcdatamodeld */,
				4CBB1A0B16CD33070070A187 /* Expense.h */,
				4CBB1A0C16CD33070070A187 /* Expense.m */,
				4CBB1A0816CD33070070A187 /* Employee.h */,
				4CBB1A0916CD33070070A187 /* Employee.m */,
				4CBB1A0516CD33070070A187 /* SavedExpenseForm.h */,
				4CBB1A0616CD33070070A187 /* SavedExpenseForm.m */,
				4CBB1A0216CD33060070A187 /* ExpenseForm.h */,
				4CBB1A0316CD33060070A187 /* ExpenseForm.m */,
			);
			name = DAL;
			sourceTree = "<group>";
		};
		4CBB194816CCE4370070A187 /* Controllers */ = {
			isa = PBXGroup;
			children = (
				4C09841B16E6275700D537A7 /* MyCustomNavigationController.h */,
				4C09841C16E6275700D537A7 /* MyCustomNavigationController.m */,
				4CBB194416CCE41C0070A187 /* SignController.h */,
				4CBB194516CCE41C0070A187 /* SignController.m */,
				4CBB194116CCE3EB0070A187 /* AbroadController.h */,
				4CBB194216CCE3EB0070A187 /* AbroadController.m */,
				4CBB193E16CCE3D20070A187 /* DomesticController.h */,
				4CBB193F16CCE3D20070A187 /* DomesticController.m */,
				4CBB193B16CCE3B20070A187 /* AddOverviewController.h */,
				4CBB193C16CCE3B20070A187 /* AddOverviewController.m */,
				4CBB193816CCE3970070A187 /* InfoController.h */,
				4CBB193916CCE3970070A187 /* InfoController.m */,
				4CBB193516CCE3760070A187 /* PDFViewController.h */,
				4CBB193616CCE3760070A187 /* PDFViewController.m */,
				4CBB193216CCE3500070A187 /* LoginController.h */,
				4CBB193316CCE3500070A187 /* LoginController.m */,
				4CBB192F16CCE3330070A187 /* ExpenseFormOverviewController.h */,
				4CBB193016CCE3330070A187 /* ExpenseFormOverviewController.m */,
				4CBB192C16CCE1650070A187 /* HomeController.h */,
				4CBB192D16CCE1650070A187 /* HomeController.m */,
			);
			name = Controllers;
			path = ..;
			sourceTree = "<group>";
		};
		4CBB199916CCF42B0070A187 /* Controls */ = {
			isa = PBXGroup;
			children = (
				4CBB198616CCF2D10070A187 /* UIDrawView.h */,
				4CBB198716CCF2D10070A187 /* UIDrawView.m */,
				4CDA33C616E4BE0900D42877 /* UIPickerViews */,
				4C09842616E65EB400D537A7 /* UITextFields */,
			);
			name = Controls;
			path = ..;
			sourceTree = "<group>";
		};
		4CBB19A016CD051E0070A187 /* SAL */ = {
			isa = PBXGroup;
			children = (
			);
			name = SAL;
			sourceTree = "<group>";
		};
		4CDA33C616E4BE0900D42877 /* UIPickerViews */ = {
			isa = PBXGroup;
			children = (
				4CDA33CA16E4BE2E00D42877 /* MonthPicker.h */,
				4CDA33CB16E4BE2E00D42877 /* MonthPicker.m */,
				4CDA33CD16E515E800D42877 /* UnitPicker.h */,
				4CDA33CE16E515E800D42877 /* UnitPicker.m */,
				4C09840516E5EA6900D537A7 /* DomesticTypePicker.h */,
				4C09840616E5EA6900D537A7 /* DomesticTypePicker.m */,
				4C09840B16E5EF3000D537A7 /* AbroadTypePicker.h */,
				4C09840C16E5EF3100D537A7 /* AbroadTypePicker.m */,
				4C09840E16E5F07C00D537A7 /* CurrencyPicker.h */,
				4C09840F16E5F07C00D537A7 /* CurrencyPicker.m */,
				4C09841116E5F85700D537A7 /* ProjectPicker.h */,
				4C09841216E5F85700D537A7 /* ProjectPicker.m */,
			);
			name = UIPickerViews;
			sourceTree = "<group>";
		};
/* End PBXGroup section */

/* Begin PBXNativeTarget section */
		4CBB18F116CCD4830070A187 /* ExpenseApp */ = {
			isa = PBXNativeTarget;
			buildConfigurationList = 4CBB191516CCD4830070A187 /* Build configuration list for PBXNativeTarget "ExpenseApp" */;
			buildPhases = (
				4CBB18EE16CCD4830070A187 /* Sources */,
				4CBB18EF16CCD4830070A187 /* Frameworks */,
				4CBB18F016CCD4830070A187 /* Resources */,
			);
			buildRules = (
			);
			dependencies = (
				4C5AE63616CFAB1B005FC6F2 /* PBXTargetDependency */,
			);
			name = ExpenseApp;
			productName = ExpenseApp;
			productReference = 4CBB18F216CCD4830070A187 /* ExpenseApp.app */;
			productType = "com.apple.product-type.application";
		};
/* End PBXNativeTarget section */

/* Begin PBXProject section */
		4CBB18E916CCD4830070A187 /* Project object */ = {
			isa = PBXProject;
			attributes = {
				LastUpgradeCheck = 0450;
				ORGANIZATIONNAME = "Bert Outtier";
			};
			buildConfigurationList = 4CBB18EC16CCD4830070A187 /* Build configuration list for PBXProject "ExpenseApp" */;
			compatibilityVersion = "Xcode 3.2";
			developmentRegion = English;
			hasScannedForEncodings = 0;
			knownRegions = (
				en,
			);
			mainGroup = 4CBB18E716CCD4830070A187;
			productRefGroup = 4CBB18F316CCD4830070A187 /* Products */;
			projectDirPath = "";
			projectReferences = (
				{
					ProductGroup = 4C5AE61C16CF9A8D005FC6F2 /* Products */;
					ProjectRef = 4C5AE61B16CF9A8D005FC6F2 /* RestKit.xcodeproj */;
				},
			);
			projectRoot = "";
			targets = (
				4CBB18F116CCD4830070A187 /* ExpenseApp */,
			);
		};
/* End PBXProject section */

/* Begin PBXReferenceProxy section */
		4C5AE62616CF9A8E005FC6F2 /* libRestKit.a */ = {
			isa = PBXReferenceProxy;
			fileType = archive.ar;
			path = libRestKit.a;
			remoteRef = 4C5AE62516CF9A8E005FC6F2 /* PBXContainerItemProxy */;
			sourceTree = BUILT_PRODUCTS_DIR;
		};
		4C5AE62816CF9A8E005FC6F2 /* RestKitTests.octest */ = {
			isa = PBXReferenceProxy;
			fileType = wrapper.cfbundle;
			path = RestKitTests.octest;
			remoteRef = 4C5AE62716CF9A8E005FC6F2 /* PBXContainerItemProxy */;
			sourceTree = BUILT_PRODUCTS_DIR;
		};
		4C5AE62A16CF9A8E005FC6F2 /* RestKit.framework */ = {
			isa = PBXReferenceProxy;
			fileType = wrapper.framework;
			path = RestKit.framework;
			remoteRef = 4C5AE62916CF9A8E005FC6F2 /* PBXContainerItemProxy */;
			sourceTree = BUILT_PRODUCTS_DIR;
		};
		4C5AE62C16CF9A8E005FC6F2 /* RestKitFrameworkTests.octest */ = {
			isa = PBXReferenceProxy;
			fileType = wrapper.cfbundle;
			path = RestKitFrameworkTests.octest;
			remoteRef = 4C5AE62B16CF9A8E005FC6F2 /* PBXContainerItemProxy */;
			sourceTree = BUILT_PRODUCTS_DIR;
		};
/* End PBXReferenceProxy section */

/* Begin PBXResourcesBuildPhase section */
		4CBB18F016CCD4830070A187 /* Resources */ = {
			isa = PBXResourcesBuildPhase;
			buildActionMask = 2147483647;
			files = (
				4CBB190316CCD4830070A187 /* InfoPlist.strings in Resources */,
				4CBB190B16CCD4830070A187 /* Default.png in Resources */,
				4CBB190D16CCD4830070A187 /* Default@2x.png in Resources */,
				4CBB190F16CCD4830070A187 /* Default-568h@2x.png in Resources */,
				4CBB191A16CCD4E30070A187 /* MainStoryboard_iPad.storyboard in Resources */,
				4CBB191B16CCD4E30070A187 /* MainStoryboard_iPhone.storyboard in Resources */,
				4C09841F16E62DF400D537A7 /* clear.png in Resources */,
			);
			runOnlyForDeploymentPostprocessing = 0;
		};
/* End PBXResourcesBuildPhase section */

/* Begin PBXSourcesBuildPhase section */
		4CBB18EE16CCD4830070A187 /* Sources */ = {
			isa = PBXSourcesBuildPhase;
			buildActionMask = 2147483647;
			files = (
				4CBB190516CCD4830070A187 /* main.m in Sources */,
				4CBB190916CCD4830070A187 /* AppDelegate.m in Sources */,
				4CBB191216CCD4830070A187 /* ExpenseApp.xcdatamodeld in Sources */,
				4CBB192E16CCE1650070A187 /* HomeController.m in Sources */,
				4CBB193116CCE3330070A187 /* ExpenseFormOverviewController.m in Sources */,
				4CBB193416CCE3500070A187 /* LoginController.m in Sources */,
				4CBB193716CCE3760070A187 /* PDFViewController.m in Sources */,
				4CBB193A16CCE3980070A187 /* InfoController.m in Sources */,
				4CBB193D16CCE3B20070A187 /* AddOverviewController.m in Sources */,
				4CBB194016CCE3D20070A187 /* DomesticController.m in Sources */,
				4CBB194316CCE3EB0070A187 /* AbroadController.m in Sources */,
				4CBB194616CCE41C0070A187 /* SignController.m in Sources */,
				4CBB198816CCF2D10070A187 /* UIDrawView.m in Sources */,
				4CBB198B16CCF3B00070A187 /* UIDateTextField.m in Sources */,
				4CBB198E16CCF3CA0070A187 /* UIProjectCodeTextField.m in Sources */,
				4CBB199116CCF3E10070A187 /* UIAbroadTypeTextField.m in Sources */,
				4CBB199516CCF4010070A187 /* UICurrencyTextField.m in Sources */,
				4CBB199816CCF4220070A187 /* UIDomesticTypeTextField.m in Sources */,
				4CBB199C16CCF4730070A187 /* UIMonthTextField.m in Sources */,
				4CBB199F16CCF4950070A187 /* UIUnitTextField.m in Sources */,
				4CBB1A0416CD33070070A187 /* ExpenseForm.m in Sources */,
				4CBB1A0716CD33070070A187 /* SavedExpenseForm.m in Sources */,
				4CBB1A0A16CD33070070A187 /* Employee.m in Sources */,
				4CBB1A0D16CD33070070A187 /* Expense.m in Sources */,
				4CDA33CC16E4BE2E00D42877 /* MonthPicker.m in Sources */,
				4CDA33CF16E515E800D42877 /* UnitPicker.m in Sources */,
				4C09840716E5EA6900D537A7 /* DomesticTypePicker.m in Sources */,
				4C09840D16E5EF3100D537A7 /* AbroadTypePicker.m in Sources */,
				4C09841016E5F07C00D537A7 /* CurrencyPicker.m in Sources */,
				4C09841316E5F85700D537A7 /* ProjectPicker.m in Sources */,
				4C09841D16E6275700D537A7 /* MyCustomNavigationController.m in Sources */,
				4C09842316E6598800D537A7 /* NSData+Base64.m in Sources */,
				4C09842A16E65F1000D537A7 /* Backend.m in Sources */,
				4C09842E16E664B900D537A7 /* EmployeeManager.m in Sources */,
				4C42D3ED16E76131001CAB48 /* ExpenseManager.m in Sources */,
				4C42D3F316E76F4F001CAB48 /* ExpenseFormManager.m in Sources */,
			);
			runOnlyForDeploymentPostprocessing = 0;
		};
/* End PBXSourcesBuildPhase section */

/* Begin PBXTargetDependency section */
		4C5AE63616CFAB1B005FC6F2 /* PBXTargetDependency */ = {
			isa = PBXTargetDependency;
			name = RestKit;
			targetProxy = 4C5AE63516CFAB1B005FC6F2 /* PBXContainerItemProxy */;
		};
/* End PBXTargetDependency section */

/* Begin PBXVariantGroup section */
		4CBB190116CCD4830070A187 /* InfoPlist.strings */ = {
			isa = PBXVariantGroup;
			children = (
				4CBB190216CCD4830070A187 /* en */,
			);
			name = InfoPlist.strings;
			sourceTree = "<group>";
		};
/* End PBXVariantGroup section */

/* Begin XCBuildConfiguration section */
		4CBB191316CCD4830070A187 /* Debug */ = {
			isa = XCBuildConfiguration;
			buildSettings = {
				ALWAYS_SEARCH_USER_PATHS = NO;
				CLANG_CXX_LANGUAGE_STANDARD = "gnu++0x";
				CLANG_CXX_LIBRARY = "libc++";
				CLANG_ENABLE_OBJC_ARC = YES;
				CLANG_WARN_EMPTY_BODY = YES;
				CLANG_WARN__DUPLICATE_METHOD_MATCH = YES;
				"CODE_SIGN_IDENTITY[sdk=iphoneos*]" = "iPhone Developer";
				COPY_PHASE_STRIP = NO;
				GCC_C_LANGUAGE_STANDARD = gnu99;
				GCC_DYNAMIC_NO_PIC = NO;
				GCC_OPTIMIZATION_LEVEL = 0;
				GCC_PREPROCESSOR_DEFINITIONS = (
					"DEBUG=1",
					"$(inherited)",
				);
				GCC_SYMBOLS_PRIVATE_EXTERN = NO;
				GCC_WARN_ABOUT_RETURN_TYPE = YES;
				GCC_WARN_UNINITIALIZED_AUTOS = YES;
				GCC_WARN_UNUSED_VARIABLE = YES;
				IPHONEOS_DEPLOYMENT_TARGET = 6.0;
				SDKROOT = iphoneos;
				TARGETED_DEVICE_FAMILY = "1,2";
			};
			name = Debug;
		};
		4CBB191416CCD4830070A187 /* Release */ = {
			isa = XCBuildConfiguration;
			buildSettings = {
				ALWAYS_SEARCH_USER_PATHS = NO;
				CLANG_CXX_LANGUAGE_STANDARD = "gnu++0x";
				CLANG_CXX_LIBRARY = "libc++";
				CLANG_ENABLE_OBJC_ARC = YES;
				CLANG_WARN_EMPTY_BODY = YES;
				CLANG_WARN__DUPLICATE_METHOD_MATCH = YES;
				"CODE_SIGN_IDENTITY[sdk=iphoneos*]" = "iPhone Developer";
				COPY_PHASE_STRIP = YES;
				GCC_C_LANGUAGE_STANDARD = gnu99;
				GCC_WARN_ABOUT_RETURN_TYPE = YES;
				GCC_WARN_UNINITIALIZED_AUTOS = YES;
				GCC_WARN_UNUSED_VARIABLE = YES;
				IPHONEOS_DEPLOYMENT_TARGET = 6.0;
				OTHER_CFLAGS = "-DNS_BLOCK_ASSERTIONS=1";
				SDKROOT = iphoneos;
				TARGETED_DEVICE_FAMILY = "1,2";
				VALIDATE_PRODUCT = YES;
			};
			name = Release;
		};
		4CBB191616CCD4830070A187 /* Debug */ = {
			isa = XCBuildConfiguration;
			buildSettings = {
				GCC_PRECOMPILE_PREFIX_HEADER = YES;
				GCC_PREFIX_HEADER = "ExpenseApp/ExpenseApp-Prefix.pch";
				HEADER_SEARCH_PATHS = "\"$(BUILT_PRODUCTS_DIR)/../../Headers\"";
				INFOPLIST_FILE = "ExpenseApp/ExpenseApp-Info.plist";
				IPHONEOS_DEPLOYMENT_TARGET = 6.1;
				OTHER_LDFLAGS = (
					"-ObjC",
					"-all_load",
				);
				PRODUCT_NAME = "$(TARGET_NAME)";
				WRAPPER_EXTENSION = app;
			};
			name = Debug;
		};
		4CBB191716CCD4830070A187 /* Release */ = {
			isa = XCBuildConfiguration;
			buildSettings = {
				GCC_PRECOMPILE_PREFIX_HEADER = YES;
				GCC_PREFIX_HEADER = "ExpenseApp/ExpenseApp-Prefix.pch";
				HEADER_SEARCH_PATHS = "\"$(BUILT_PRODUCTS_DIR)/../../Headers\"";
				INFOPLIST_FILE = "ExpenseApp/ExpenseApp-Info.plist";
				IPHONEOS_DEPLOYMENT_TARGET = 6.1;
				OTHER_LDFLAGS = (
					"-ObjC",
					"-all_load",
				);
				PRODUCT_NAME = "$(TARGET_NAME)";
				WRAPPER_EXTENSION = app;
			};
			name = Release;
		};
/* End XCBuildConfiguration section */

/* Begin XCConfigurationList section */
		4CBB18EC16CCD4830070A187 /* Build configuration list for PBXProject "ExpenseApp" */ = {
			isa = XCConfigurationList;
			buildConfigurations = (
				4CBB191316CCD4830070A187 /* Debug */,
				4CBB191416CCD4830070A187 /* Release */,
			);
			defaultConfigurationIsVisible = 0;
			defaultConfigurationName = Release;
		};
		4CBB191516CCD4830070A187 /* Build configuration list for PBXNativeTarget "ExpenseApp" */ = {
			isa = XCConfigurationList;
			buildConfigurations = (
				4CBB191616CCD4830070A187 /* Debug */,
				4CBB191716CCD4830070A187 /* Release */,
			);
			defaultConfigurationIsVisible = 0;
			defaultConfigurationName = Release;
		};
/* End XCConfigurationList section */

/* Begin XCVersionGroup section */
		4CBB191016CCD4830070A187 /* ExpenseApp.xcdatamodeld */ = {
			isa = XCVersionGroup;
			children = (
				4CBB191116CCD4830070A187 /* ExpenseApp.xcdatamodel */,
			);
			currentVersion = 4CBB191116CCD4830070A187 /* ExpenseApp.xcdatamodel */;
			path = ExpenseApp.xcdatamodeld;
			sourceTree = "<group>";
			versionGroupType = wrapper.xcdatamodel;
		};
/* End XCVersionGroup section */
	};
	rootObject = 4CBB18E916CCD4830070A187 /* Project object */;
}
